
Microsoft Visual Studio Solution File, Format Version 12.00
# Visual Studio Version 16
VisualStudioVersion = 16.0.31624.102
MinimumVisualStudioVersion = 10.0.40219.1
Project("{8BC9CEB8-8B4A-11D0-8D11-00A0C91BC942}") = "Agile", "Agile\Agile.vcxproj", "{ED2CE98E-7A86-46F2-8FBF-77A0A9102992}"
EndProject
Project("{8BC9CEB8-8B4A-11D0-8D11-00A0C91BC942}") = "DoublePeaks", "DoublePeaks\DoublePeaks.vcxproj", "{E4BBB6E2-DDD6-4D5C-9A4D-7330FA652F62}"
EndProject
Project("{8BC9CEB8-8B4A-11D0-8D11-00A0C91BC942}") = "CurveFitting", "CurveFitting\CurveFitting.vcxproj", "{E51A8D1D-8E38-4225-9A04-016AD74E3C6C}"
EndProject
Project("{8BC9CEB8-8B4A-11D0-8D11-00A0C91BC942}") = "HighDimensional", "HighDimensional\HighDimensional.vcxproj", "{E59E3AC4-84A0-495C-9894-0257A8F86C5C}"
EndProject
Global
	GlobalSection(SolutionConfigurationPlatforms) = preSolution
		Debug|x64 = Debug|x64
		Debug|x86 = Debug|x86
		Release|x64 = Release|x64
		Release|x86 = Release|x86
	EndGlobalSection
	GlobalSection(ProjectConfigurationPlatforms) = postSolution
		{ED2CE98E-7A86-46F2-8FBF-77A0A9102992}.Debug|x64.ActiveCfg = Debug|x64
		{ED2CE98E-7A86-46F2-8FBF-77A0A9102992}.Debug|x64.Build.0 = Debug|x64
		{ED2CE98E-7A86-46F2-8FBF-77A0A9102992}.Debug|x86.ActiveCfg = Debug|Win32
		{ED2CE98E-7A86-46F2-8FBF-77A0A9102992}.Debug|x86.Build.0 = Debug|Win32
		{ED2CE98E-7A86-46F2-8FBF-77A0A9102992}.Release|x64.ActiveCfg = Release|x64
		{ED2CE98E-7A86-46F2-8FBF-77A0A9102992}.Release|x64.Build.0 = Release|x64
		{ED2CE98E-7A86-46F2-8FBF-77A0A9102992}.Release|x86.ActiveCfg = Release|Win32
		{ED2CE98E-7A86-46F2-8FBF-77A0A9102992}.Release|x86.Build.0 = Release|Win32
		{E4BBB6E2-DDD6-4D5C-9A4D-7330FA652F62}.Debug|x64.ActiveCfg = Debug|x64
		{E4BBB6E2-DDD6-4D5C-9A4D-7330FA652F62}.Debug|x64.Build.0 = Debug|x64
		{E4BBB6E2-DDD6-4D5C-9A4D-7330FA652F62}.Debug|x86.ActiveCfg = Debug|Win32
		{E4BBB6E2-DDD6-4D5C-9A4D-7330FA652F62}.Debug|x86.Build.0 = Debug|Win32
		{E4BBB6E2-DDD6-4D5C-9A4D-7330FA652F62}.Release|x64.ActiveCfg = Release|x64
		{E4BBB6E2-DDD6-4D5C-9A4D-7330FA652F62}.Release|x64.Build.0 = Release|x64
		{E4BBB6E2-DDD6-4D5C-9A4D-7330FA652F62}.Release|x86.ActiveCfg = Release|Win32
		{E4BBB6E2-DDD6-4D5C-9A4D-7330FA652F62}.Release|x86.Build.0 = Release|Win32
		{E51A8D1D-8E38-4225-9A04-016AD74E3C6C}.Debug|x64.ActiveCfg = Debug|x64
		{E51A8D1D-8E38-4225-9A04-016AD74E3C6C}.Debug|x64.Build.0 = Debug|x64
		{E51A8D1D-8E38-4225-9A04-016AD74E3C6C}.Debug|x86.ActiveCfg = Debug|Win32
		{E51A8D1D-8E38-4225-9A04-016AD74E3C6C}.Debug|x86.Build.0 = Debug|Win32
		{E51A8D1D-8E38-4225-9A04-016AD74E3C6C}.Release|x64.ActiveCfg = Release|x64
		{E51A8D1D-8E38-4225-9A04-016AD74E3C6C}.Release|x64.Build.0 = Release|x64
		{E51A8D1D-8E38-4225-9A04-016AD74E3C6C}.Release|x86.ActiveCfg = Release|Win32
		{E51A8D1D-8E38-4225-9A04-016AD74E3C6C}.Release|x86.Build.0 = Release|Win32
		{E59E3AC4-84A0-495C-9894-0257A8F86C5C}.Debug|x64.ActiveCfg = Debug|x64
		{E59E3AC4-84A0-495C-9894-0257A8F86C5C}.Debug|x64.Build.0 = Debug|x64
		{E59E3AC4-84A0-495C-9894-0257A8F86C5C}.Debug|x86.ActiveCfg = Debug|Win32
		{E59E3AC4-84A0-495C-9894-0257A8F86C5C}.Debug|x86.Build.0 = Debug|Win32
		{E59E3AC4-84A0-495C-9894-0257A8F86C5C}.Release|x64.ActiveCfg = Release|x64
		{E59E3AC4-84A0-495C-9894-0257A8F86C5C}.Release|x64.Build.0 = Release|x64
		{E59E3AC4-84A0-495C-9894-0257A8F86C5C}.Release|x86.ActiveCfg = Release|Win32
		{E59E3AC4-84A0-495C-9894-0257A8F86C5C}.Release|x86.Build.0 = Release|Win32
	EndGlobalSection
	GlobalSection(SolutionProperties) = preSolution
		HideSolutionNode = FALSE
	EndGlobalSection
	GlobalSection(ExtensibilityGlobals) = postSolution
		SolutionGuid = {52BC1B19-8781-494E-854A-489D38D1C483}
	EndGlobalSection
EndGlobal
